
Microsoft Visual Studio Solution File, Format Version 12.00
# Visual Studio 14
VisualStudioVersion = 14.0.25420.1
MinimumVisualStudioVersion = 10.0.40219.1
Project("{FAE04EC0-301F-11D3-BF4B-00C04F79EFBC}") = "ICE.Framework", "ICE.Framework\ICE.Framework.csproj", "{F75342CF-C64B-42FF-967A-2563DD5BBDAB}"
EndProject
Project("{2150E333-8FDC-42A3-9474-1A3956D46DE8}") = "ICE.Run", "ICE.Run", "{2AB561F6-E52C-4247-A795-142C2D357A3B}"
EndProject
Project("{FAE04EC0-301F-11D3-BF4B-00C04F79EFBC}") = "ICE.Model", "ICE.Model\ICE.Model.csproj", "{9AA97BFE-EEAB-4E00-BEBE-ABCEFC9947D2}"
EndProject
Project("{FAE04EC0-301F-11D3-BF4B-00C04F79EFBC}") = "ICE.DAL", "ICE.DAL\ICE.DAL.csproj", "{C98F93F9-84CF-41EB-84A5-332A2E73DF66}"
EndProject
Project("{FAE04EC0-301F-11D3-BF4B-00C04F79EFBC}") = "ICE.App", "ICE.App\ICE.App.csproj", "{07901025-F17C-44D2-A9D5-D3F3DDC3821F}"
EndProject
Global
	GlobalSection(SolutionConfigurationPlatforms) = preSolution
		Debug|Any CPU = Debug|Any CPU
		Release|Any CPU = Release|Any CPU
	EndGlobalSection
	GlobalSection(ProjectConfigurationPlatforms) = postSolution
		{F75342CF-C64B-42FF-967A-2563DD5BBDAB}.Debug|Any CPU.ActiveCfg = Debug|Any CPU
		{F75342CF-C64B-42FF-967A-2563DD5BBDAB}.Debug|Any CPU.Build.0 = Debug|Any CPU
		{F75342CF-C64B-42FF-967A-2563DD5BBDAB}.Release|Any CPU.ActiveCfg = Release|Any CPU
		{F75342CF-C64B-42FF-967A-2563DD5BBDAB}.Release|Any CPU.Build.0 = Release|Any CPU
		{9AA97BFE-EEAB-4E00-BEBE-ABCEFC9947D2}.Debug|Any CPU.ActiveCfg = Debug|Any CPU
		{9AA97BFE-EEAB-4E00-BEBE-ABCEFC9947D2}.Debug|Any CPU.Build.0 = Debug|Any CPU
		{9AA97BFE-EEAB-4E00-BEBE-ABCEFC9947D2}.Release|Any CPU.ActiveCfg = Release|Any CPU
		{9AA97BFE-EEAB-4E00-BEBE-ABCEFC9947D2}.Release|Any CPU.Build.0 = Release|Any CPU
		{C98F93F9-84CF-41EB-84A5-332A2E73DF66}.Debug|Any CPU.ActiveCfg = Debug|Any CPU
		{C98F93F9-84CF-41EB-84A5-332A2E73DF66}.Debug|Any CPU.Build.0 = Debug|Any CPU
		{C98F93F9-84CF-41EB-84A5-332A2E73DF66}.Release|Any CPU.ActiveCfg = Release|Any CPU
		{C98F93F9-84CF-41EB-84A5-332A2E73DF66}.Release|Any CPU.Build.0 = Release|Any CPU
		{07901025-F17C-44D2-A9D5-D3F3DDC3821F}.Debug|Any CPU.ActiveCfg = Debug|Any CPU
		{07901025-F17C-44D2-A9D5-D3F3DDC3821F}.Debug|Any CPU.Build.0 = Debug|Any CPU
		{07901025-F17C-44D2-A9D5-D3F3DDC3821F}.Release|Any CPU.ActiveCfg = Release|Any CPU
		{07901025-F17C-44D2-A9D5-D3F3DDC3821F}.Release|Any CPU.Build.0 = Release|Any CPU
	EndGlobalSection
	GlobalSection(SolutionProperties) = preSolution
		HideSolutionNode = FALSE
	EndGlobalSection
	GlobalSection(NestedProjects) = preSolution
		{9AA97BFE-EEAB-4E00-BEBE-ABCEFC9947D2} = {2AB561F6-E52C-4247-A795-142C2D357A3B}
		{C98F93F9-84CF-41EB-84A5-332A2E73DF66} = {2AB561F6-E52C-4247-A795-142C2D357A3B}
		{07901025-F17C-44D2-A9D5-D3F3DDC3821F} = {2AB561F6-E52C-4247-A795-142C2D357A3B}
	EndGlobalSection
EndGlobal
